
Microsoft Visual Studio Solution File, Format Version 12.00
# Visual Studio Version 17
VisualStudioVersion = 17.14.36310.24 d17.14
MinimumVisualStudioVersion = 10.0.40219.1
Project("{FAE04EC0-301F-11D3-BF4B-00C04F79EFBC}") = "Backend", "Backend\Backend.csproj", "{8DBE4F2F-A997-436C-BBC5-96C85656AB16}"
EndProject
Project("{2150E333-8FDC-42A3-9474-1A3956D46DE8}") = "Frontend", "Frontend", "{02EA681E-C7D8-13C7-8484-4AC65E1B71E8}"
	ProjectSection(SolutionItems) = preProject
		index.html = index.html
	EndProjectSection
EndProject
Project("{2150E333-8FDC-42A3-9474-1A3956D46DE8}") = "js", "js", "{D23EF774-88C5-4189-BF93-8A0798F06035}"
	ProjectSection(SolutionItems) = preProject
		app.js = app.js
	EndProjectSection
EndProject
Project("{2150E333-8FDC-42A3-9474-1A3956D46DE8}") = "css", "css", "{422F287C-456C-40F4-81AA-8B04885A600F}"
	ProjectSection(SolutionItems) = preProject
		style.css = style.css
	EndProjectSection
EndProject
Global
	GlobalSection(SolutionConfigurationPlatforms) = preSolution
		Debug|Any CPU = Debug|Any CPU
		Release|Any CPU = Release|Any CPU
	EndGlobalSection
	GlobalSection(ProjectConfigurationPlatforms) = postSolution
		{8DBE4F2F-A997-436C-BBC5-96C85656AB16}.Debug|Any CPU.ActiveCfg = Debug|Any CPU
		{8DBE4F2F-A997-436C-BBC5-96C85656AB16}.Debug|Any CPU.Build.0 = Debug|Any CPU
		{8DBE4F2F-A997-436C-BBC5-96C85656AB16}.Release|Any CPU.ActiveCfg = Release|Any CPU
		{8DBE4F2F-A997-436C-BBC5-96C85656AB16}.Release|Any CPU.Build.0 = Release|Any CPU
	EndGlobalSection
	GlobalSection(SolutionProperties) = preSolution
		HideSolutionNode = FALSE
	EndGlobalSection
	GlobalSection(NestedProjects) = preSolution
		{D23EF774-88C5-4189-BF93-8A0798F06035} = {02EA681E-C7D8-13C7-8484-4AC65E1B71E8}
		{422F287C-456C-40F4-81AA-8B04885A600F} = {02EA681E-C7D8-13C7-8484-4AC65E1B71E8}
	EndGlobalSection
	GlobalSection(ExtensibilityGlobals) = postSolution
		SolutionGuid = {94530EED-45A0-47F3-9CC4-98C739160CDD}
	EndGlobalSection
EndGlobal
